// !$*UTF8*$!
{
	archiveVersion = 1;
	classes = {
	};
	objectVersion = 77;
	objects = {

/* Begin PBXBuildFile section */
		3615D125BFC4842E53380897 /* ObjectBox.xcframework in Frameworks */ = {isa = PBXBuildFile; productRef = 320C345CEDC7AE9692AC83DA /* ObjectBox.xcframework */; };
		901A57452EDD0017003DBA40 /* GoogleGenerativeAI in Frameworks */ = {isa = PBXBuildFile; productRef = 901A57442EDD0017003DBA40 /* GoogleGenerativeAI */; };
		90D77E552EDFCA350006E299 /* LaTeXSwiftUI in Frameworks */ = {isa = PBXBuildFile; productRef = 90D77E542EDFCA350006E299 /* LaTeXSwiftUI */; };
/* End PBXBuildFile section */

/* Begin PBXContainerItemProxy section */
		901A56FB2EDCFA64003DBA40 /* PBXContainerItemProxy */ = {
			isa = PBXContainerItemProxy;
			containerPortal = 901A56E32EDCFA63003DBA40 /* Project object */;
			proxyType = 1;
			remoteGlobalIDString = 901A56EA2EDCFA63003DBA40;
			remoteInfo = MiniClone;
		};
		901A57052EDCFA64003DBA40 /* PBXContainerItemProxy */ = {
			isa = PBXContainerItemProxy;
			containerPortal = 901A56E32EDCFA63003DBA40 /* Project object */;
			proxyType = 1;
			remoteGlobalIDString = 901A56EA2EDCFA63003DBA40;
			remoteInfo = MiniClone;
		};
/* End PBXContainerItemProxy section */

/* Begin PBXFileReference section */
		901A56EB2EDCFA63003DBA40 /* MiniClone.app */ = {isa = PBXFileReference; explicitFileType = wrapper.application; includeInIndex = 0; path = MiniClone.app; sourceTree = BUILT_PRODUCTS_DIR; };
		901A56FA2EDCFA64003DBA40 /* MiniCloneTests.xctest */ = {isa = PBXFileReference; explicitFileType = wrapper.cfbundle; includeInIndex = 0; path = MiniCloneTests.xctest; sourceTree = BUILT_PRODUCTS_DIR; };
		901A57042EDCFA64003DBA40 /* MiniCloneUITests.xctest */ = {isa = PBXFileReference; explicitFileType = wrapper.cfbundle; includeInIndex = 0; path = MiniCloneUITests.xctest; sourceTree = BUILT_PRODUCTS_DIR; };
/* End PBXFileReference section */

/* Begin PBXFileSystemSynchronizedRootGroup section */
		901A56ED2EDCFA63003DBA40 /* MiniClone */ = {
			isa = PBXFileSystemSynchronizedRootGroup;
			path = MiniClone;
			sourceTree = "<group>";
		};
		901A56FD2EDCFA64003DBA40 /* MiniCloneTests */ = {
			isa = PBXFileSystemSynchronizedRootGroup;
			path = MiniCloneTests;
			sourceTree = "<group>";
		};
		901A57072EDCFA64003DBA40 /* MiniCloneUITests */ = {
			isa = PBXFileSystemSynchronizedRootGroup;
			path = MiniCloneUITests;
			sourceTree = "<group>";
		};
/* End PBXFileSystemSynchronizedRootGroup section */

/* Begin PBXFrameworksBuildPhase section */
		901A56E82EDCFA63003DBA40 /* Frameworks */ = {
			isa = PBXFrameworksBuildPhase;
			buildActionMask = 2147483647;
			files = (
				901A57452EDD0017003DBA40 /* GoogleGenerativeAI in Frameworks */,
				90D77E552EDFCA350006E299 /* LaTeXSwiftUI in Frameworks */,
				3615D125BFC4842E53380897 /* ObjectBox.xcframework in Frameworks */,
			);
			runOnlyForDeploymentPostprocessing = 0;
		};
		901A56F72EDCFA64003DBA40 /* Frameworks */ = {
			isa = PBXFrameworksBuildPhase;
			buildActionMask = 2147483647;
			files = (
			);
			runOnlyForDeploymentPostprocessing = 0;
		};
		901A57012EDCFA64003DBA40 /* Frameworks */ = {
			isa = PBXFrameworksBuildPhase;
			buildActionMask = 2147483647;
			files = (
			);
			runOnlyForDeploymentPostprocessing = 0;
		};
/* End PBXFrameworksBuildPhase section */

/* Begin PBXGroup section */
		901A56E22EDCFA63003DBA40 = {
			isa = PBXGroup;
			children = (
				901A56ED2EDCFA63003DBA40 /* MiniClone */,
				901A56FD2EDCFA64003DBA40 /* MiniCloneTests */,
				901A57072EDCFA64003DBA40 /* MiniCloneUITests */,
				901A57432EDD0017003DBA40 /* Frameworks */,
				901A56EC2EDCFA63003DBA40 /* Products */,
			);
			sourceTree = "<group>";
		};
		901A56EC2EDCFA63003DBA40 /* Products */ = {
			isa = PBXGroup;
			children = (
				901A56EB2EDCFA63003DBA40 /* MiniClone.app */,
				901A56FA2EDCFA64003DBA40 /* MiniCloneTests.xctest */,
				901A57042EDCFA64003DBA40 /* MiniCloneUITests.xctest */,
			);
			name = Products;
			sourceTree = "<group>";
		};
		901A57432EDD0017003DBA40 /* Frameworks */ = {
			isa = PBXGroup;
			children = (
			);
			name = Frameworks;
			sourceTree = "<group>";
		};
/* End PBXGroup section */

/* Begin PBXNativeTarget section */
		901A56EA2EDCFA63003DBA40 /* MiniClone */ = {
			isa = PBXNativeTarget;
			buildConfigurationList = 901A570E2EDCFA64003DBA40 /* Build configuration list for PBXNativeTarget "MiniClone" */;
			buildPhases = (
				901A56E72EDCFA63003DBA40 /* Sources */,
				901A56E82EDCFA63003DBA40 /* Frameworks */,
				901A56E92EDCFA63003DBA40 /* Resources */,
			);
			buildRules = (
			);
			dependencies = (
			);
			fileSystemSynchronizedGroups = (
				901A56ED2EDCFA63003DBA40 /* MiniClone */,
			);
			name = MiniClone;
			packageProductDependencies = (
				901A57442EDD0017003DBA40 /* GoogleGenerativeAI */,
				90D77E542EDFCA350006E299 /* LaTeXSwiftUI */,
				320C345CEDC7AE9692AC83DA /* ObjectBox.xcframework */,
			);
			productName = MiniClone;
			productReference = 901A56EB2EDCFA63003DBA40 /* MiniClone.app */;
			productType = "com.apple.product-type.application";
		};
		901A56F92EDCFA64003DBA40 /* MiniCloneTests */ = {
			isa = PBXNativeTarget;
			buildConfigurationList = 901A57112EDCFA64003DBA40 /* Build configuration list for PBXNativeTarget "MiniCloneTests" */;
			buildPhases = (
				901A56F62EDCFA64003DBA40 /* Sources */,
				901A56F72EDCFA64003DBA40 /* Frameworks */,
				901A56F82EDCFA64003DBA40 /* Resources */,
			);
			buildRules = (
			);
			dependencies = (
				901A56FC2EDCFA64003DBA40 /* PBXTargetDependency */,
			);
			fileSystemSynchronizedGroups = (
				901A56FD2EDCFA64003DBA40 /* MiniCloneTests */,
			);
			name = MiniCloneTests;
			productName = MiniCloneTests;
			productReference = 901A56FA2EDCFA64003DBA40 /* MiniCloneTests.xctest */;
			productType = "com.apple.product-type.bundle.unit-test";
		};
		901A57032EDCFA64003DBA40 /* MiniCloneUITests */ = {
			isa = PBXNativeTarget;
			buildConfigurationList = 901A57142EDCFA64003DBA40 /* Build configuration list for PBXNativeTarget "MiniCloneUITests" */;
			buildPhases = (
				901A57002EDCFA64003DBA40 /* Sources */,
				901A57012EDCFA64003DBA40 /* Frameworks */,
				901A57022EDCFA64003DBA40 /* Resources */,
			);
			buildRules = (
			);
			dependencies = (
				901A57062EDCFA64003DBA40 /* PBXTargetDependency */,
			);
			fileSystemSynchronizedGroups = (
				901A57072EDCFA64003DBA40 /* MiniCloneUITests */,
			);
			name = MiniCloneUITests;
			productName = MiniCloneUITests;
			productReference = 901A57042EDCFA64003DBA40 /* MiniCloneUITests.xctest */;
			productType = "com.apple.product-type.bundle.ui-testing";
		};
/* End PBXNativeTarget section */

/* Begin PBXProject section */
		901A56E32EDCFA63003DBA40 /* Project object */ = {
			isa = PBXProject;
			attributes = {
				BuildIndependentTargetsInParallel = 1;
				LastSwiftUpdateCheck = 2600;
				LastUpgradeCheck = 2600;
				TargetAttributes = {
					901A56EA2EDCFA63003DBA40 = {
						CreatedOnToolsVersion = 26.0;
					};
					901A56F92EDCFA64003DBA40 = {
						CreatedOnToolsVersion = 26.0;
						TestTargetID = 901A56EA2EDCFA63003DBA40;
					};
					901A57032EDCFA64003DBA40 = {
						CreatedOnToolsVersion = 26.0;
						TestTargetID = 901A56EA2EDCFA63003DBA40;
					};
				};
			};
			buildConfigurationList = 901A56E62EDCFA63003DBA40 /* Build configuration list for PBXProject "MiniClone" */;
			developmentRegion = en;
			hasScannedForEncodings = 0;
			knownRegions = (
				en,
				Base,
			);
			mainGroup = 901A56E22EDCFA63003DBA40;
			minimizedProjectReferenceProxies = 1;
			packageReferences = (
				901A57422EDCFBE1003DBA40 /* XCRemoteSwiftPackageReference "generative-ai-swift" */,
				90D77E532EDFCA130006E299 /* XCRemoteSwiftPackageReference "LaTeXSwiftUI" */,
				2E7B7DE5EFF87735980670A0 /* XCRemoteSwiftPackageReference "objectbox-swift-spm" */,
			);
			preferredProjectObjectVersion = 77;
			productRefGroup = 901A56EC2EDCFA63003DBA40 /* Products */;
			projectDirPath = "";
			projectRoot = "";
			targets = (
				901A56EA2EDCFA63003DBA40 /* MiniClone */,
				901A56F92EDCFA64003DBA40 /* MiniCloneTests */,
				901A57032EDCFA64003DBA40 /* MiniCloneUITests */,
			);
		};
/* End PBXProject section */

/* Begin PBXResourcesBuildPhase section */
		901A56E92EDCFA63003DBA40 /* Resources */ = {
			isa = PBXResourcesBuildPhase;
			buildActionMask = 2147483647;
			files = (
			);
			runOnlyForDeploymentPostprocessing = 0;
		};
		901A56F82EDCFA64003DBA40 /* Resources */ = {
			isa = PBXResourcesBuildPhase;
			buildActionMask = 2147483647;
			files = (
			);
			runOnlyForDeploymentPostprocessing = 0;
		};
		901A57022EDCFA64003DBA40 /* Resources */ = {
			isa = PBXResourcesBuildPhase;
			buildActionMask = 2147483647;
			files = (
			);
			runOnlyForDeploymentPostprocessing = 0;
		};
/* End PBXResourcesBuildPhase section */

/* Begin PBXSourcesBuildPhase section */
		901A56E72EDCFA63003DBA40 /* Sources */ = {
			isa = PBXSourcesBuildPhase;
			buildActionMask = 2147483647;
			files = (
			);
			runOnlyForDeploymentPostprocessing = 0;
		};
		901A56F62EDCFA64003DBA40 /* Sources */ = {
			isa = PBXSourcesBuildPhase;
			buildActionMask = 2147483647;
			files = (
			);
			runOnlyForDeploymentPostprocessing = 0;
		};
		901A57002EDCFA64003DBA40 /* Sources */ = {
			isa = PBXSourcesBuildPhase;
			buildActionMask = 2147483647;
			files = (
			);
			runOnlyForDeploymentPostprocessing = 0;
		};
/* End PBXSourcesBuildPhase section */

/* Begin PBXTargetDependency section */
		901A56FC2EDCFA64003DBA40 /* PBXTargetDependency */ = {
			isa = PBXTargetDependency;
			target = 901A56EA2EDCFA63003DBA40 /* MiniClone */;
			targetProxy = 901A56FB2EDCFA64003DBA40 /* PBXContainerItemProxy */;
		};
		901A57062EDCFA64003DBA40 /* PBXTargetDependency */ = {
			isa = PBXTargetDependency;
			target = 901A56EA2EDCFA63003DBA40 /* MiniClone */;
			targetProxy = 901A57052EDCFA64003DBA40 /* PBXContainerItemProxy */;
		};
/* End PBXTargetDependency section */

/* Begin XCBuildConfiguration section */
		901A570C2EDCFA64003DBA40 /* Debug */ = {
			isa = XCBuildConfiguration;
			buildSettings = {
				ALWAYS_SEARCH_USER_PATHS = NO;
				ASSETCATALOG_COMPILER_GENERATE_SWIFT_ASSET_SYMBOL_EXTENSIONS = YES;
				CLANG_ANALYZER_NONNULL = YES;
				CLANG_ANALYZER_NUMBER_OBJECT_CONVERSION = YES_AGGRESSIVE;
				CLANG_CXX_LANGUAGE_STANDARD = "gnu++20";
				CLANG_ENABLE_MODULES = YES;
				CLANG_ENABLE_OBJC_ARC = YES;
				CLANG_ENABLE_OBJC_WEAK = YES;
				CLANG_WARN_BLOCK_CAPTURE_AUTORELEASING = YES;
				CLANG_WARN_BOOL_CONVERSION = YES;
				CLANG_WARN_COMMA = YES;
				CLANG_WARN_CONSTANT_CONVERSION = YES;
				CLANG_WARN_DEPRECATED_OBJC_IMPLEMENTATIONS = YES;
				CLANG_WARN_DIRECT_OBJC_ISA_USAGE = YES_ERROR;
				CLANG_WARN_DOCUMENTATION_COMMENTS = YES;
				CLANG_WARN_EMPTY_BODY = YES;
				CLANG_WARN_ENUM_CONVERSION = YES;
				CLANG_WARN_INFINITE_RECURSION = YES;
				CLANG_WARN_INT_CONVERSION = YES;
				CLANG_WARN_NON_LITERAL_NULL_CONVERSION = YES;
				CLANG_WARN_OBJC_IMPLICIT_RETAIN_SELF = YES;
				CLANG_WARN_OBJC_LITERAL_CONVERSION = YES;
				CLANG_WARN_OBJC_ROOT_CLASS = YES_ERROR;
				CLANG_WARN_QUOTED_INCLUDE_IN_FRAMEWORK_HEADER = YES;
				CLANG_WARN_RANGE_LOOP_ANALYSIS = YES;
				CLANG_WARN_STRICT_PROTOTYPES = YES;
				CLANG_WARN_SUSPICIOUS_MOVE = YES;
				CLANG_WARN_UNGUARDED_AVAILABILITY = YES_AGGRESSIVE;
				CLANG_WARN_UNREACHABLE_CODE = YES;
				CLANG_WARN__DUPLICATE_METHOD_MATCH = YES;
				COPY_PHASE_STRIP = NO;
				DEBUG_INFORMATION_FORMAT = dwarf;
				ENABLE_STRICT_OBJC_MSGSEND = YES;
				ENABLE_TESTABILITY = YES;
				ENABLE_USER_SCRIPT_SANDBOXING = YES;
				GCC_C_LANGUAGE_STANDARD = gnu17;
				GCC_DYNAMIC_NO_PIC = NO;
				GCC_NO_COMMON_BLOCKS = YES;
				GCC_OPTIMIZATION_LEVEL = 0;
				GCC_PREPROCESSOR_DEFINITIONS = (
					"DEBUG=1",
					"$(inherited)",
				);
				GCC_WARN_64_TO_32_BIT_CONVERSION = YES;
				GCC_WARN_ABOUT_RETURN_TYPE = YES_ERROR;
				GCC_WARN_UNDECLARED_SELECTOR = YES;
				GCC_WARN_UNINITIALIZED_AUTOS = YES_AGGRESSIVE;
				GCC_WARN_UNUSED_FUNCTION = YES;
				GCC_WARN_UNUSED_VARIABLE = YES;
				IPHONEOS_DEPLOYMENT_TARGET = 17.0;
				LOCALIZATION_PREFERS_STRING_CATALOGS = YES;
				MTL_ENABLE_DEBUG_INFO = INCLUDE_SOURCE;
				MTL_FAST_MATH = YES;
				ONLY_ACTIVE_ARCH = YES;
				SDKROOT = iphoneos;
				SWIFT_ACTIVE_COMPILATION_CONDITIONS = "DEBUG $(inherited)";
				SWIFT_OPTIMIZATION_LEVEL = "-Onone";
			};
			name = Debug;
		};
		901A570D2EDCFA64003DBA40 /* Release */ = {
			isa = XCBuildConfiguration;
			buildSettings = {
				ALWAYS_SEARCH_USER_PATHS = NO;
				ASSETCATALOG_COMPILER_GENERATE_SWIFT_ASSET_SYMBOL_EXTENSIONS = YES;
				CLANG_ANALYZER_NONNULL = YES;
				CLANG_ANALYZER_NUMBER_OBJECT_CONVERSION = YES_AGGRESSIVE;
				CLANG_CXX_LANGUAGE_STANDARD = "gnu++20";
				CLANG_ENABLE_MODULES = YES;
				CLANG_ENABLE_OBJC_ARC = YES;
				CLANG_ENABLE_OBJC_WEAK = YES;
				CLANG_WARN_BLOCK_CAPTURE_AUTORELEASING = YES;
				CLANG_WARN_BOOL_CONVERSION = YES;
				CLANG_WARN_COMMA = YES;
				CLANG_WARN_CONSTANT_CONVERSION = YES;
				CLANG_WARN_DEPRECATED_OBJC_IMPLEMENTATIONS = YES;
				CLANG_WARN_DIRECT_OBJC_ISA_USAGE = YES_ERROR;
				CLANG_WARN_DOCUMENTATION_COMMENTS = YES;
				CLANG_WARN_EMPTY_BODY = YES;
				CLANG_WARN_ENUM_CONVERSION = YES;
				CLANG_WARN_INFINITE_RECURSION = YES;
				CLANG_WARN_INT_CONVERSION = YES;
				CLANG_WARN_NON_LITERAL_NULL_CONVERSION = YES;
				CLANG_WARN_OBJC_IMPLICIT_RETAIN_SELF = YES;
				CLANG_WARN_OBJC_LITERAL_CONVERSION = YES;
				CLANG_WARN_OBJC_ROOT_CLASS = YES_ERROR;
				CLANG_WARN_QUOTED_INCLUDE_IN_FRAMEWORK_HEADER = YES;
				CLANG_WARN_RANGE_LOOP_ANALYSIS = YES;
				CLANG_WARN_STRICT_PROTOTYPES = YES;
				CLANG_WARN_SUSPICIOUS_MOVE = YES;
				CLANG_WARN_UNGUARDED_AVAILABILITY = YES_AGGRESSIVE;
				CLANG_WARN_UNREACHABLE_CODE = YES;
				CLANG_WARN__DUPLICATE_METHOD_MATCH = YES;
				COPY_PHASE_STRIP = NO;
				DEBUG_INFORMATION_FORMAT = "dwarf-with-dsym";
				ENABLE_NS_ASSERTIONS = NO;
				ENABLE_STRICT_OBJC_MSGSEND = YES;
				ENABLE_USER_SCRIPT_SANDBOXING = YES;
				GCC_C_LANGUAGE_STANDARD = gnu17;
				GCC_NO_COMMON_BLOCKS = YES;
				GCC_WARN_64_TO_32_BIT_CONVERSION = YES;
				GCC_WARN_ABOUT_RETURN_TYPE = YES_ERROR;
				GCC_WARN_UNDECLARED_SELECTOR = YES;
				GCC_WARN_UNINITIALIZED_AUTOS = YES_AGGRESSIVE;
				GCC_WARN_UNUSED_FUNCTION = YES;
				GCC_WARN_UNUSED_VARIABLE = YES;
				IPHONEOS_DEPLOYMENT_TARGET = 17.0;
				LOCALIZATION_PREFERS_STRING_CATALOGS = YES;
				MTL_ENABLE_DEBUG_INFO = NO;
				MTL_FAST_MATH = YES;
				SDKROOT = iphoneos;
				SWIFT_COMPILATION_MODE = wholemodule;
				VALIDATE_PRODUCT = YES;
			};
			name = Release;
		};
		901A570F2EDCFA64003DBA40 /* Debug */ = {
			isa = XCBuildConfiguration;
			buildSettings = {
				ASSETCATALOG_COMPILER_APPICON_NAME = AppIcon;
				ASSETCATALOG_COMPILER_GLOBAL_ACCENT_COLOR_NAME = AccentColor;
				CODE_SIGN_ENTITLEMENTS = MiniClone/MiniClone.entitlements;
				CODE_SIGN_STYLE = Automatic;
				CURRENT_PROJECT_VERSION = 12;
				DEVELOPMENT_TEAM = 4H38Q8RQV5;
				ENABLE_PREVIEWS = YES;
				GENERATE_INFOPLIST_FILE = NO;
				INFOPLIST_FILE = "MiniClone/MiniClone-Info.plist";
				INFOPLIST_KEY_CFBundleDisplayName = Cognote;
				INFOPLIST_KEY_LSApplicationCategoryType = "public.app-category.education";
				INFOPLIST_KEY_UIApplicationSceneManifest_Generation = YES;
				INFOPLIST_KEY_UIApplicationSupportsIndirectInputEvents = YES;
				INFOPLIST_KEY_UILaunchScreen_Generation = YES;
				INFOPLIST_KEY_UISupportedInterfaceOrientations_iPad = "UIInterfaceOrientationPortrait UIInterfaceOrientationPortraitUpsideDown UIInterfaceOrientationLandscapeLeft UIInterfaceOrientationLandscapeRight";
				INFOPLIST_KEY_UISupportedInterfaceOrientations_iPhone = "UIInterfaceOrientationPortrait UIInterfaceOrientationLandscapeLeft UIInterfaceOrientationLandscapeRight";
				LD_RUNPATH_SEARCH_PATHS = (
					"$(inherited)",
					"@executable_path/Frameworks",
				);
				MARKETING_VERSION = 1.0.1;
				PRODUCT_BUNDLE_IDENTIFIER = Tsai.MiniClone;
				PRODUCT_NAME = "$(TARGET_NAME)";
				STRING_CATALOG_GENERATE_SYMBOLS = YES;
				SWIFT_APPROACHABLE_CONCURRENCY = YES;
				SWIFT_DEFAULT_ACTOR_ISOLATION = MainActor;
				SWIFT_EMIT_LOC_STRINGS = YES;
				SWIFT_UPCOMING_FEATURE_MEMBER_IMPORT_VISIBILITY = YES;
				SWIFT_VERSION = 5.0;
				TARGETED_DEVICE_FAMILY = "1,2";
			};
			name = Debug;
		};
		901A57102EDCFA64003DBA40 /* Release */ = {
			isa = XCBuildConfiguration;
			buildSettings = {
				ASSETCATALOG_COMPILER_APPICON_NAME = AppIcon;
				ASSETCATALOG_COMPILER_GLOBAL_ACCENT_COLOR_NAME = AccentColor;
				CODE_SIGN_ENTITLEMENTS = MiniClone/MiniCloneRelease.entitlements;
				CODE_SIGN_STYLE = Automatic;
				CURRENT_PROJECT_VERSION = 12;
				DEVELOPMENT_TEAM = 4H38Q8RQV5;
				ENABLE_PREVIEWS = YES;
				GENERATE_INFOPLIST_FILE = NO;
				INFOPLIST_FILE = "MiniClone/MiniClone-Info.plist";
				INFOPLIST_KEY_CFBundleDisplayName = Cognote;
				INFOPLIST_KEY_LSApplicationCategoryType = "public.app-category.education";
				INFOPLIST_KEY_UIApplicationSceneManifest_Generation = YES;
				INFOPLIST_KEY_UIApplicationSupportsIndirectInputEvents = YES;
				INFOPLIST_KEY_UILaunchScreen_Generation = YES;
				INFOPLIST_KEY_UISupportedInterfaceOrientations_iPad = "UIInterfaceOrientationPortrait UIInterfaceOrientationPortraitUpsideDown UIInterfaceOrientationLandscapeLeft UIInterfaceOrientationLandscapeRight";
				INFOPLIST_KEY_UISupportedInterfaceOrientations_iPhone = "UIInterfaceOrientationPortrait UIInterfaceOrientationLandscapeLeft UIInterfaceOrientationLandscapeRight";
				LD_RUNPATH_SEARCH_PATHS = (
					"$(inherited)",
					"@executable_path/Frameworks",
				);
				MARKETING_VERSION = 1.0.1;
				PRODUCT_BUNDLE_IDENTIFIER = Tsai.Cognote;
				PRODUCT_NAME = "$(TARGET_NAME)";
				STRING_CATALOG_GENERATE_SYMBOLS = YES;
				SWIFT_APPROACHABLE_CONCURRENCY = YES;
				SWIFT_DEFAULT_ACTOR_ISOLATION = MainActor;
				SWIFT_EMIT_LOC_STRINGS = YES;
				SWIFT_UPCOMING_FEATURE_MEMBER_IMPORT_VISIBILITY = YES;
				SWIFT_VERSION = 5.0;
				TARGETED_DEVICE_FAMILY = "1,2";
			};
			name = Release;
		};
		901A57122EDCFA64003DBA40 /* Debug */ = {
			isa = XCBuildConfiguration;
			buildSettings = {
				BUNDLE_LOADER = "$(TEST_HOST)";
				CODE_SIGN_STYLE = Automatic;
				CURRENT_PROJECT_VERSION = 1;
				GENERATE_INFOPLIST_FILE = YES;
				IPHONEOS_DEPLOYMENT_TARGET = 17.0;
				MARKETING_VERSION = 1.0;
				PRODUCT_BUNDLE_IDENTIFIER = Tsai.MiniCloneTests;
				PRODUCT_NAME = "$(TARGET_NAME)";
				STRING_CATALOG_GENERATE_SYMBOLS = NO;
				SWIFT_APPROACHABLE_CONCURRENCY = YES;
				SWIFT_EMIT_LOC_STRINGS = NO;
				SWIFT_UPCOMING_FEATURE_MEMBER_IMPORT_VISIBILITY = YES;
				SWIFT_VERSION = 5.0;
				TARGETED_DEVICE_FAMILY = "1,2";
				TEST_HOST = "$(BUILT_PRODUCTS_DIR)/MiniClone.app/$(BUNDLE_EXECUTABLE_FOLDER_PATH)/MiniClone";
			};
			name = Debug;
		};
		901A57132EDCFA64003DBA40 /* Release */ = {
			isa = XCBuildConfiguration;
			buildSettings = {
				BUNDLE_LOADER = "$(TEST_HOST)";
				CODE_SIGN_STYLE = Automatic;
				CURRENT_PROJECT_VERSION = 1;
				GENERATE_INFOPLIST_FILE = YES;
				IPHONEOS_DEPLOYMENT_TARGET = 17.0;
				MARKETING_VERSION = 1.0;
				PRODUCT_BUNDLE_IDENTIFIER = Tsai.MiniCloneTests;
				PRODUCT_NAME = "$(TARGET_NAME)";
				STRING_CATALOG_GENERATE_SYMBOLS = NO;
				SWIFT_APPROACHABLE_CONCURRENCY = YES;
				SWIFT_EMIT_LOC_STRINGS = NO;
				SWIFT_UPCOMING_FEATURE_MEMBER_IMPORT_VISIBILITY = YES;
				SWIFT_VERSION = 5.0;
				TARGETED_DEVICE_FAMILY = "1,2";
				TEST_HOST = "$(BUILT_PRODUCTS_DIR)/MiniClone.app/$(BUNDLE_EXECUTABLE_FOLDER_PATH)/MiniClone";
			};
			name = Release;
		};
		901A57152EDCFA64003DBA40 /* Debug */ = {
			isa = XCBuildConfiguration;
			buildSettings = {
				CODE_SIGN_STYLE = Automatic;
				CURRENT_PROJECT_VERSION = 1;
				GENERATE_INFOPLIST_FILE = YES;
				MARKETING_VERSION = 1.0;
				PRODUCT_BUNDLE_IDENTIFIER = Tsai.MiniCloneUITests;
				PRODUCT_NAME = "$(TARGET_NAME)";
				STRING_CATALOG_GENERATE_SYMBOLS = NO;
				SWIFT_APPROACHABLE_CONCURRENCY = YES;
				SWIFT_EMIT_LOC_STRINGS = NO;
				SWIFT_UPCOMING_FEATURE_MEMBER_IMPORT_VISIBILITY = YES;
				SWIFT_VERSION = 5.0;
				TARGETED_DEVICE_FAMILY = "1,2";
				TEST_TARGET_NAME = MiniClone;
			};
			name = Debug;
		};
		901A57162EDCFA64003DBA40 /* Release */ = {
			isa = XCBuildConfiguration;
			buildSettings = {
				CODE_SIGN_STYLE = Automatic;
				CURRENT_PROJECT_VERSION = 1;
				GENERATE_INFOPLIST_FILE = YES;
				MARKETING_VERSION = 1.0;
				PRODUCT_BUNDLE_IDENTIFIER = Tsai.MiniCloneUITests;
				PRODUCT_NAME = "$(TARGET_NAME)";
				STRING_CATALOG_GENERATE_SYMBOLS = NO;
				SWIFT_APPROACHABLE_CONCURRENCY = YES;
				SWIFT_EMIT_LOC_STRINGS = NO;
				SWIFT_UPCOMING_FEATURE_MEMBER_IMPORT_VISIBILITY = YES;
				SWIFT_VERSION = 5.0;
				TARGETED_DEVICE_FAMILY = "1,2";
				TEST_TARGET_NAME = MiniClone;
			};
			name = Release;
		};
/* End XCBuildConfiguration section */

/* Begin XCConfigurationList section */
		901A56E62EDCFA63003DBA40 /* Build configuration list for PBXProject "MiniClone" */ = {
			isa = XCConfigurationList;
			buildConfigurations = (
				901A570C2EDCFA64003DBA40 /* Debug */,
				901A570D2EDCFA64003DBA40 /* Release */,
			);
			defaultConfigurationIsVisible = 0;
			defaultConfigurationName = Release;
		};
		901A570E2EDCFA64003DBA40 /* Build configuration list for PBXNativeTarget "MiniClone" */ = {
			isa = XCConfigurationList;
			buildConfigurations = (
				901A570F2EDCFA64003DBA40 /* Debug */,
				901A57102EDCFA64003DBA40 /* Release */,
			);
			defaultConfigurationIsVisible = 0;
			defaultConfigurationName = Release;
		};
		901A57112EDCFA64003DBA40 /* Build configuration list for PBXNativeTarget "MiniCloneTests" */ = {
			isa = XCConfigurationList;
			buildConfigurations = (
				901A57122EDCFA64003DBA40 /* Debug */,
				901A57132EDCFA64003DBA40 /* Release */,
			);
			defaultConfigurationIsVisible = 0;
			defaultConfigurationName = Release;
		};
		901A57142EDCFA64003DBA40 /* Build configuration list for PBXNativeTarget "MiniCloneUITests" */ = {
			isa = XCConfigurationList;
			buildConfigurations = (
				901A57152EDCFA64003DBA40 /* Debug */,
				901A57162EDCFA64003DBA40 /* Release */,
			);
			defaultConfigurationIsVisible = 0;
			defaultConfigurationName = Release;
		};
/* End XCConfigurationList section */

/* Begin XCRemoteSwiftPackageReference section */
		2E7B7DE5EFF87735980670A0 /* XCRemoteSwiftPackageReference "objectbox-swift-spm" */ = {
			isa = XCRemoteSwiftPackageReference;
			repositoryURL = "https://github.com/objectbox/objectbox-swift-spm.git";
			requirement = {
				kind = upToNextMajorVersion;
				minimumVersion = 4.0.0;
			};
		};
		901A57422EDCFBE1003DBA40 /* XCRemoteSwiftPackageReference "generative-ai-swift" */ = {
			isa = XCRemoteSwiftPackageReference;
			repositoryURL = "https://github.com/google/generative-ai-swift";
			requirement = {
				kind = upToNextMajorVersion;
				minimumVersion = 0.5.6;
			};
		};
		90D77E532EDFCA130006E299 /* XCRemoteSwiftPackageReference "LaTeXSwiftUI" */ = {
			isa = XCRemoteSwiftPackageReference;
			repositoryURL = "https://github.com/colinc86/LaTeXSwiftUI";
			requirement = {
				branch = main;
				kind = branch;
			};
		};
/* End XCRemoteSwiftPackageReference section */

/* Begin XCSwiftPackageProductDependency section */
		320C345CEDC7AE9692AC83DA /* ObjectBox.xcframework */ = {
			isa = XCSwiftPackageProductDependency;
			package = 2E7B7DE5EFF87735980670A0 /* XCRemoteSwiftPackageReference "objectbox-swift-spm" */;
			productName = ObjectBox.xcframework;
		};
		901A57442EDD0017003DBA40 /* GoogleGenerativeAI */ = {
			isa = XCSwiftPackageProductDependency;
			package = 901A57422EDCFBE1003DBA40 /* XCRemoteSwiftPackageReference "generative-ai-swift" */;
			productName = GoogleGenerativeAI;
		};
		90D77E542EDFCA350006E299 /* LaTeXSwiftUI */ = {
			isa = XCSwiftPackageProductDependency;
			package = 90D77E532EDFCA130006E299 /* XCRemoteSwiftPackageReference "LaTeXSwiftUI" */;
			productName = LaTeXSwiftUI;
		};
/* End XCSwiftPackageProductDependency section */
	};
	rootObject = 901A56E32EDCFA63003DBA40 /* Project object */;
}
